
Microsoft Visual Studio Solution File, Format Version 12.00
# Visual Studio Version 17
VisualStudioVersion = 17.3.32929.385
MinimumVisualStudioVersion = 10.0.40219.1
Project("{FAE04EC0-301F-11D3-BF4B-00C04F79EFBC}") = "InicioSesin", "ProyectoBatallaNaval\InicioSesin.csproj", "{FD79ED1B-1301-4BF5-A5EC-19D7F9E7DDEA}"
EndProject
Global
	GlobalSection(SolutionConfigurationPlatforms) = preSolution
		Debug|Any CPU = Debug|Any CPU
		Release|Any CPU = Release|Any CPU
	EndGlobalSection
	GlobalSection(ProjectConfigurationPlatforms) = postSolution
		{FD79ED1B-1301-4BF5-A5EC-19D7F9E7DDEA}.Debug|Any CPU.ActiveCfg = Debug|Any CPU
		{FD79ED1B-1301-4BF5-A5EC-19D7F9E7DDEA}.Debug|Any CPU.Build.0 = Debug|Any CPU
		{FD79ED1B-1301-4BF5-A5EC-19D7F9E7DDEA}.Release|Any CPU.ActiveCfg = Release|Any CPU
		{FD79ED1B-1301-4BF5-A5EC-19D7F9E7DDEA}.Release|Any CPU.Build.0 = Release|Any CPU
	EndGlobalSection
	GlobalSection(SolutionProperties) = preSolution
		HideSolutionNode = FALSE
	EndGlobalSection
	GlobalSection(ExtensibilityGlobals) = postSolution
		SolutionGuid = {9752D2A0-E238-4210-9D60-380E673DC2AD}
	EndGlobalSection
EndGlobal
